
Microsoft Visual Studio Solution File, Format Version 12.00
# Visual Studio 15
VisualStudioVersion = 15.0.27703.2047
MinimumVisualStudioVersion = 10.0.40219.1
Project("{9A19103F-16F7-4668-BE54-9A1E7A4F7556}") = "MedHelper.Data", "MedHelper.Data\MedHelper.Data.csproj", "{21385BE8-3A7B-43DE-B423-D2695856EE2E}"
EndProject
Project("{9A19103F-16F7-4668-BE54-9A1E7A4F7556}") = "MedHelper.Data.Models", "MedHelper.Data.Model\MedHelper.Data.Models.csproj", "{CDF8D465-3440-4EA0-B4BB-A46716E5085F}"
EndProject
Project("{9A19103F-16F7-4668-BE54-9A1E7A4F7556}") = "MedHelper.Common", "MedHelper.Common\MedHelper.Common.csproj", "{97922775-8517-41F1-8F27-C0637464B444}"
EndProject
Project("{9A19103F-16F7-4668-BE54-9A1E7A4F7556}") = "MedHelper.Services", "MedHelper.Services\MedHelper.Services.csproj", "{9490019A-978D-4321-B3ED-6C5620A70C5C}"
EndProject
Project("{9A19103F-16F7-4668-BE54-9A1E7A4F7556}") = "MedHelper.Services.Models", "MedHelper.Services.Models\MedHelper.Services.Models.csproj", "{81C886C1-A3D2-4012-9FAB-D6F55CE6CE4D}"
EndProject
Project("{9A19103F-16F7-4668-BE54-9A1E7A4F7556}") = "MedHelper.Web", "MedHelper.Web\MedHelper.Web.csproj", "{900952E3-2C04-4971-8330-A105FADFEFB2}"
EndProject
Project("{9A19103F-16F7-4668-BE54-9A1E7A4F7556}") = "MedHelper.Tests", "MedHelper.Tests\MedHelper.Tests.csproj", "{5D50F9BB-3CA8-4FCD-AF94-1C4BE756595B}"
EndProject
Global
	GlobalSection(SolutionConfigurationPlatforms) = preSolution
		Debug|Any CPU = Debug|Any CPU
		Release|Any CPU = Release|Any CPU
	EndGlobalSection
	GlobalSection(ProjectConfigurationPlatforms) = postSolution
		{21385BE8-3A7B-43DE-B423-D2695856EE2E}.Debug|Any CPU.ActiveCfg = Debug|Any CPU
		{21385BE8-3A7B-43DE-B423-D2695856EE2E}.Debug|Any CPU.Build.0 = Debug|Any CPU
		{21385BE8-3A7B-43DE-B423-D2695856EE2E}.Release|Any CPU.ActiveCfg = Release|Any CPU
		{21385BE8-3A7B-43DE-B423-D2695856EE2E}.Release|Any CPU.Build.0 = Release|Any CPU
		{CDF8D465-3440-4EA0-B4BB-A46716E5085F}.Debug|Any CPU.ActiveCfg = Debug|Any CPU
		{CDF8D465-3440-4EA0-B4BB-A46716E5085F}.Debug|Any CPU.Build.0 = Debug|Any CPU
		{CDF8D465-3440-4EA0-B4BB-A46716E5085F}.Release|Any CPU.ActiveCfg = Release|Any CPU
		{CDF8D465-3440-4EA0-B4BB-A46716E5085F}.Release|Any CPU.Build.0 = Release|Any CPU
		{97922775-8517-41F1-8F27-C0637464B444}.Debug|Any CPU.ActiveCfg = Debug|Any CPU
		{97922775-8517-41F1-8F27-C0637464B444}.Debug|Any CPU.Build.0 = Debug|Any CPU
		{97922775-8517-41F1-8F27-C0637464B444}.Release|Any CPU.ActiveCfg = Release|Any CPU
		{97922775-8517-41F1-8F27-C0637464B444}.Release|Any CPU.Build.0 = Release|Any CPU
		{9490019A-978D-4321-B3ED-6C5620A70C5C}.Debug|Any CPU.ActiveCfg = Debug|Any CPU
		{9490019A-978D-4321-B3ED-6C5620A70C5C}.Debug|Any CPU.Build.0 = Debug|Any CPU
		{9490019A-978D-4321-B3ED-6C5620A70C5C}.Release|Any CPU.ActiveCfg = Release|Any CPU
		{9490019A-978D-4321-B3ED-6C5620A70C5C}.Release|Any CPU.Build.0 = Release|Any CPU
		{81C886C1-A3D2-4012-9FAB-D6F55CE6CE4D}.Debug|Any CPU.ActiveCfg = Debug|Any CPU
		{81C886C1-A3D2-4012-9FAB-D6F55CE6CE4D}.Debug|Any CPU.Build.0 = Debug|Any CPU
		{81C886C1-A3D2-4012-9FAB-D6F55CE6CE4D}.Release|Any CPU.ActiveCfg = Release|Any CPU
		{81C886C1-A3D2-4012-9FAB-D6F55CE6CE4D}.Release|Any CPU.Build.0 = Release|Any CPU
		{900952E3-2C04-4971-8330-A105FADFEFB2}.Debug|Any CPU.ActiveCfg = Debug|Any CPU
		{900952E3-2C04-4971-8330-A105FADFEFB2}.Debug|Any CPU.Build.0 = Debug|Any CPU
		{900952E3-2C04-4971-8330-A105FADFEFB2}.Release|Any CPU.ActiveCfg = Release|Any CPU
		{900952E3-2C04-4971-8330-A105FADFEFB2}.Release|Any CPU.Build.0 = Release|Any CPU
		{5D50F9BB-3CA8-4FCD-AF94-1C4BE756595B}.Debug|Any CPU.ActiveCfg = Debug|Any CPU
		{5D50F9BB-3CA8-4FCD-AF94-1C4BE756595B}.Debug|Any CPU.Build.0 = Debug|Any CPU
		{5D50F9BB-3CA8-4FCD-AF94-1C4BE756595B}.Release|Any CPU.ActiveCfg = Release|Any CPU
		{5D50F9BB-3CA8-4FCD-AF94-1C4BE756595B}.Release|Any CPU.Build.0 = Release|Any CPU
	EndGlobalSection
	GlobalSection(SolutionProperties) = preSolution
		HideSolutionNode = FALSE
	EndGlobalSection
	GlobalSection(ExtensibilityGlobals) = postSolution
		SolutionGuid = {771BA1AD-E275-4D53-869E-168039158A71}
	EndGlobalSection
EndGlobal
